// !$*UTF8*$!
{
	archiveVersion = 1;
	classes = {
	};
	objectVersion = 46;
	objects = {

/* Begin PBXBuildFile section */
		D14E7C291EF7BACB00358206 /* main.m in Sources */ = {isa = PBXBuildFile; fileRef = D14E7C281EF7BACB00358206 /* main.m */; };
		D14E7C2C1EF7BACB00358206 /* AppDelegate.m in Sources */ = {isa = PBXBuildFile; fileRef = D14E7C2B1EF7BACB00358206 /* AppDelegate.m */; };
		D14E7C2F1EF7BACB00358206 /* ViewController.m in Sources */ = {isa = PBXBuildFile; fileRef = D14E7C2E1EF7BACB00358206 /* ViewController.m */; };
		D14E7C321EF7BACB00358206 /* Main.storyboard in Resources */ = {isa = PBXBuildFile; fileRef = D14E7C301EF7BACB00358206 /* Main.storyboard */; };
		D14E7C341EF7BACB00358206 /* Assets.xcassets in Resources */ = {isa = PBXBuildFile; fileRef = D14E7C331EF7BACB00358206 /* Assets.xcassets */; };
		D14E7C371EF7BACB00358206 /* LaunchScreen.storyboard in Resources */ = {isa = PBXBuildFile; fileRef = D14E7C351EF7BACB00358206 /* LaunchScreen.storyboard */; };
		D14E7C421EF7BACB00358206 /* FPRuntimeTabBarTests.m in Sources */ = {isa = PBXBuildFile; fileRef = D14E7C411EF7BACB00358206 /* FPRuntimeTabBarTests.m */; };
		D14E7C4D1EF7BACB00358206 /* FPRuntimeTabBarUITests.m in Sources */ = {isa = PBXBuildFile; fileRef = D14E7C4C1EF7BACB00358206 /* FPRuntimeTabBarUITests.m */; };
/* End PBXBuildFile section */

/* Begin PBXContainerItemProxy section */
		D14E7C3E1EF7BACB00358206 /* PBXContainerItemProxy */ = {
			isa = PBXContainerItemProxy;
			containerPortal = D14E7C1C1EF7BACB00358206 /* Project object */;
			proxyType = 1;
			remoteGlobalIDString = D14E7C231EF7BACB00358206;
			remoteInfo = FPRuntimeTabBar;
		};
		D14E7C491EF7BACB00358206 /* PBXContainerItemProxy */ = {
			isa = PBXContainerItemProxy;
			containerPortal = D14E7C1C1EF7BACB00358206 /* Project object */;
			proxyType = 1;
			remoteGlobalIDString = D14E7C231EF7BACB00358206;
			remoteInfo = FPRuntimeTabBar;
		};
/* End PBXContainerItemProxy section */

/* Begin PBXFileReference section */
		D14E7C241EF7BACB00358206 /* FPRuntimeTabBar.app */ = {isa = PBXFileReference; explicitFileType = wrapper.application; includeInIndex = 0; path = FPRuntimeTabBar.app; sourceTree = BUILT_PRODUCTS_DIR; };
		D14E7C281EF7BACB00358206 /* main.m */ = {isa = PBXFileReference; lastKnownFileType = sourcecode.c.objc; path = main.m; sourceTree = "<group>"; };
		D14E7C2A1EF7BACB00358206 /* AppDelegate.h */ = {isa = PBXFileReference; lastKnownFileType = sourcecode.c.h; path = AppDelegate.h; sourceTree = "<group>"; };
		D14E7C2B1EF7BACB00358206 /* AppDelegate.m */ = {isa = PBXFileReference; lastKnownFileType = sourcecode.c.objc; path = AppDelegate.m; sourceTree = "<group>"; };
		D14E7C2D1EF7BACB00358206 /* ViewController.h */ = {isa = PBXFileReference; lastKnownFileType = sourcecode.c.h; path = ViewController.h; sourceTree = "<group>"; };
		D14E7C2E1EF7BACB00358206 /* ViewController.m */ = {isa = PBXFileReference; lastKnownFileType = sourcecode.c.objc; path = ViewController.m; sourceTree = "<group>"; };
		D14E7C311EF7BACB00358206 /* Base */ = {isa = PBXFileReference; lastKnownFileType = file.storyboard; name = Base; path = Base.lproj/Main.storyboard; sourceTree = "<group>"; };
		D14E7C331EF7BACB00358206 /* Assets.xcassets */ = {isa = PBXFileReference; lastKnownFileType = folder.assetcatalog; path = Assets.xcassets; sourceTree = "<group>"; };
		D14E7C361EF7BACB00358206 /* Base */ = {isa = PBXFileReference; lastKnownFileType = file.storyboard; name = Base; path = Base.lproj/LaunchScreen.storyboard; sourceTree = "<group>"; };
		D14E7C381EF7BACB00358206 /* Info.plist */ = {isa = PBXFileReference; lastKnownFileType = text.plist.xml; path = Info.plist; sourceTree = "<group>"; };
		D14E7C3D1EF7BACB00358206 /* FPRuntimeTabBarTests.xctest */ = {isa = PBXFileReference; explicitFileType = wrapper.cfbundle; includeInIndex = 0; path = FPRuntimeTabBarTests.xctest; sourceTree = BUILT_PRODUCTS_DIR; };
		D14E7C411EF7BACB00358206 /* FPRuntimeTabBarTests.m */ = {isa = PBXFileReference; lastKnownFileType = sourcecode.c.objc; path = FPRuntimeTabBarTests.m; sourceTree = "<group>"; };
		D14E7C431EF7BACB00358206 /* Info.plist */ = {isa = PBXFileReference; lastKnownFileType = text.plist.xml; path = Info.plist; sourceTree = "<group>"; };
		D14E7C481EF7BACB00358206 /* FPRuntimeTabBarUITests.xctest */ = {isa = PBXFileReference; explicitFileType = wrapper.cfbundle; includeInIndex = 0; path = FPRuntimeTabBarUITests.xctest; sourceTree = BUILT_PRODUCTS_DIR; };
		D14E7C4C1EF7BACB00358206 /* FPRuntimeTabBarUITests.m */ = {isa = PBXFileReference; lastKnownFileType = sourcecode.c.objc; path = FPRuntimeTabBarUITests.m; sourceTree = "<group>"; };
		D14E7C4E1EF7BACB00358206 /* Info.plist */ = {isa = PBXFileReference; lastKnownFileType = text.plist.xml; path = Info.plist; sourceTree = "<group>"; };
/* End PBXFileReference section */

/* Begin PBXFrameworksBuildPhase section */
		D14E7C211EF7BACB00358206 /* Frameworks */ = {
			isa = PBXFrameworksBuildPhase;
			buildActionMask = 2147483647;
			files = (
			);
			runOnlyForDeploymentPostprocessing = 0;
		};
		D14E7C3A1EF7BACB00358206 /* Frameworks */ = {
			isa = PBXFrameworksBuildPhase;
			buildActionMask = 2147483647;
			files = (
			);
			runOnlyForDeploymentPostprocessing = 0;
		};
		D14E7C451EF7BACB00358206 /* Frameworks */ = {
			isa = PBXFrameworksBuildPhase;
			buildActionMask = 2147483647;
			files = (
			);
			runOnlyForDeploymentPostprocessing = 0;
		};
/* End PBXFrameworksBuildPhase section */

/* Begin PBXGroup section */
		D14E7C1B1EF7BACB00358206 = {
			isa = PBXGroup;
			children = (
				D14E7C261EF7BACB00358206 /* FPRuntimeTabBar */,
				D14E7C401EF7BACB00358206 /* FPRuntimeTabBarTests */,
				D14E7C4B1EF7BACB00358206 /* FPRuntimeTabBarUITests */,
				D14E7C251EF7BACB00358206 /* Products */,
			);
			sourceTree = "<group>";
		};
		D14E7C251EF7BACB00358206 /* Products */ = {
			isa = PBXGroup;
			children = (
				D14E7C241EF7BACB00358206 /* FPRuntimeTabBar.app */,
				D14E7C3D1EF7BACB00358206 /* FPRuntimeTabBarTests.xctest */,
				D14E7C481EF7BACB00358206 /* FPRuntimeTabBarUITests.xctest */,
			);
			name = Products;
			sourceTree = "<group>";
		};
		D14E7C261EF7BACB00358206 /* FPRuntimeTabBar */ = {
			isa = PBXGroup;
			children = (
				D14E7C2A1EF7BACB00358206 /* AppDelegate.h */,
				D14E7C2B1EF7BACB00358206 /* AppDelegate.m */,
				D14E7C2D1EF7BACB00358206 /* ViewController.h */,
				D14E7C2E1EF7BACB00358206 /* ViewController.m */,
				D14E7C301EF7BACB00358206 /* Main.storyboard */,
				D14E7C331EF7BACB00358206 /* Assets.xcassets */,
				D14E7C351EF7BACB00358206 /* LaunchScreen.storyboard */,
				D14E7C381EF7BACB00358206 /* Info.plist */,
				D14E7C271EF7BACB00358206 /* Supporting Files */,
			);
			path = FPRuntimeTabBar;
			sourceTree = "<group>";
		};
		D14E7C271EF7BACB00358206 /* Supporting Files */ = {
			isa = PBXGroup;
			children = (
				D14E7C281EF7BACB00358206 /* main.m */,
			);
			name = "Supporting Files";
			sourceTree = "<group>";
		};
		D14E7C401EF7BACB00358206 /* FPRuntimeTabBarTests */ = {
			isa = PBXGroup;
			children = (
				D14E7C411EF7BACB00358206 /* FPRuntimeTabBarTests.m */,
				D14E7C431EF7BACB00358206 /* Info.plist */,
			);
			path = FPRuntimeTabBarTests;
			sourceTree = "<group>";
		};
		D14E7C4B1EF7BACB00358206 /* FPRuntimeTabBarUITests */ = {
			isa = PBXGroup;
			children = (
				D14E7C4C1EF7BACB00358206 /* FPRuntimeTabBarUITests.m */,
				D14E7C4E1EF7BACB00358206 /* Info.plist */,
			);
			path = FPRuntimeTabBarUITests;
			sourceTree = "<group>";
		};
/* End PBXGroup section */

/* Begin PBXNativeTarget section */
		D14E7C231EF7BACB00358206 /* FPRuntimeTabBar */ = {
			isa = PBXNativeTarget;
			buildConfigurationList = D14E7C511EF7BACB00358206 /* Build configuration list for PBXNativeTarget "FPRuntimeTabBar" */;
			buildPhases = (
				D14E7C201EF7BACB00358206 /* Sources */,
				D14E7C211EF7BACB00358206 /* Frameworks */,
				D14E7C221EF7BACB00358206 /* Resources */,
			);
			buildRules = (
			);
			dependencies = (
			);
			name = FPRuntimeTabBar;
			productName = FPRuntimeTabBar;
			productReference = D14E7C241EF7BACB00358206 /* FPRuntimeTabBar.app */;
			productType = "com.apple.product-type.application";
		};
		D14E7C3C1EF7BACB00358206 /* FPRuntimeTabBarTests */ = {
			isa = PBXNativeTarget;
			buildConfigurationList = D14E7C541EF7BACB00358206 /* Build configuration list for PBXNativeTarget "FPRuntimeTabBarTests" */;
			buildPhases = (
				D14E7C391EF7BACB00358206 /* Sources */,
				D14E7C3A1EF7BACB00358206 /* Frameworks */,
				D14E7C3B1EF7BACB00358206 /* Resources */,
			);
			buildRules = (
			);
			dependencies = (
				D14E7C3F1EF7BACB00358206 /* PBXTargetDependency */,
			);
			name = FPRuntimeTabBarTests;
			productName = FPRuntimeTabBarTests;
			productReference = D14E7C3D1EF7BACB00358206 /* FPRuntimeTabBarTests.xctest */;
			productType = "com.apple.product-type.bundle.unit-test";
		};
		D14E7C471EF7BACB00358206 /* FPRuntimeTabBarUITests */ = {
			isa = PBXNativeTarget;
			buildConfigurationList = D14E7C571EF7BACB00358206 /* Build configuration list for PBXNativeTarget "FPRuntimeTabBarUITests" */;
			buildPhases = (
				D14E7C441EF7BACB00358206 /* Sources */,
				D14E7C451EF7BACB00358206 /* Frameworks */,
				D14E7C461EF7BACB00358206 /* Resources */,
			);
			buildRules = (
			);
			dependencies = (
				D14E7C4A1EF7BACB00358206 /* PBXTargetDependency */,
			);
			name = FPRuntimeTabBarUITests;
			productName = FPRuntimeTabBarUITests;
			productReference = D14E7C481EF7BACB00358206 /* FPRuntimeTabBarUITests.xctest */;
			productType = "com.apple.product-type.bundle.ui-testing";
		};
/* End PBXNativeTarget section */

/* Begin PBXProject section */
		D14E7C1C1EF7BACB00358206 /* Project object */ = {
			isa = PBXProject;
			attributes = {
				LastUpgradeCheck = 0830;
				ORGANIZATIONNAME = com.polycom;
				TargetAttributes = {
					D14E7C231EF7BACB00358206 = {
						CreatedOnToolsVersion = 8.3.1;
						DevelopmentTeam = 5UUHKU5P3B;
						ProvisioningStyle = Automatic;
					};
					D14E7C3C1EF7BACB00358206 = {
						CreatedOnToolsVersion = 8.3.1;
						DevelopmentTeam = 5UUHKU5P3B;
						ProvisioningStyle = Automatic;
						TestTargetID = D14E7C231EF7BACB00358206;
					};
					D14E7C471EF7BACB00358206 = {
						CreatedOnToolsVersion = 8.3.1;
						DevelopmentTeam = 5UUHKU5P3B;
						ProvisioningStyle = Automatic;
						TestTargetID = D14E7C231EF7BACB00358206;
					};
				};
			};
			buildConfigurationList = D14E7C1F1EF7BACB00358206 /* Build configuration list for PBXProject "FPRuntimeTabBar" */;
			compatibilityVersion = "Xcode 3.2";
			developmentRegion = English;
			hasScannedForEncodings = 0;
			knownRegions = (
				en,
				Base,
			);
			mainGroup = D14E7C1B1EF7BACB00358206;
			productRefGroup = D14E7C251EF7BACB00358206 /* Products */;
			projectDirPath = "";
			projectRoot = "";
			targets = (
				D14E7C231EF7BACB00358206 /* FPRuntimeTabBar */,
				D14E7C3C1EF7BACB00358206 /* FPRuntimeTabBarTests */,
				D14E7C471EF7BACB00358206 /* FPRuntimeTabBarUITests */,
			);
		};
/* End PBXProject section */

/* Begin PBXResourcesBuildPhase section */
		D14E7C221EF7BACB00358206 /* Resources */ = {
			isa = PBXResourcesBuildPhase;
			buildActionMask = 2147483647;
			files = (
				D14E7C371EF7BACB00358206 /* LaunchScreen.storyboard in Resources */,
				D14E7C341EF7BACB00358206 /* Assets.xcassets in Resources */,
				D14E7C321EF7BACB00358206 /* Main.storyboard in Resources */,
			);
			runOnlyForDeploymentPostprocessing = 0;
		};
		D14E7C3B1EF7BACB00358206 /* Resources */ = {
			isa = PBXResourcesBuildPhase;
			buildActionMask = 2147483647;
			files = (
			);
			runOnlyForDeploymentPostprocessing = 0;
		};
		D14E7C461EF7BACB00358206 /* Resources */ = {
			isa = PBXResourcesBuildPhase;
			buildActionMask = 2147483647;
			files = (
			);
			runOnlyForDeploymentPostprocessing = 0;
		};
/* End PBXResourcesBuildPhase section */

/* Begin PBXSourcesBuildPhase section */
		D14E7C201EF7BACB00358206 /* Sources */ = {
			isa = PBXSourcesBuildPhase;
			buildActionMask = 2147483647;
			files = (
				D14E7C2F1EF7BACB00358206 /* ViewController.m in Sources */,
				D14E7C2C1EF7BACB00358206 /* AppDelegate.m in Sources */,
				D14E7C291EF7BACB00358206 /* main.m in Sources */,
			);
			runOnlyForDeploymentPostprocessing = 0;
		};
		D14E7C391EF7BACB00358206 /* Sources */ = {
			isa = PBXSourcesBuildPhase;
			buildActionMask = 2147483647;
			files = (
				D14E7C421EF7BACB00358206 /* FPRuntimeTabBarTests.m in Sources */,
			);
			runOnlyForDeploymentPostprocessing = 0;
		};
		D14E7C441EF7BACB00358206 /* Sources */ = {
			isa = PBXSourcesBuildPhase;
			buildActionMask = 2147483647;
			files = (
				D14E7C4D1EF7BACB00358206 /* FPRuntimeTabBarUITests.m in Sources */,
			);
			runOnlyForDeploymentPostprocessing = 0;
		};
/* End PBXSourcesBuildPhase section */

/* Begin PBXTargetDependency section */
		D14E7C3F1EF7BACB00358206 /* PBXTargetDependency */ = {
			isa = PBXTargetDependency;
			target = D14E7C231EF7BACB00358206 /* FPRuntimeTabBar */;
			targetProxy = D14E7C3E1EF7BACB00358206 /* PBXContainerItemProxy */;
		};
		D14E7C4A1EF7BACB00358206 /* PBXTargetDependency */ = {
			isa = PBXTargetDependency;
			target = D14E7C231EF7BACB00358206 /* FPRuntimeTabBar */;
			targetProxy = D14E7C491EF7BACB00358206 /* PBXContainerItemProxy */;
		};
/* End PBXTargetDependency section */

/* Begin PBXVariantGroup section */
		D14E7C301EF7BACB00358206 /* Main.storyboard */ = {
			isa = PBXVariantGroup;
			children = (
				D14E7C311EF7BACB00358206 /* Base */,
			);
			name = Main.storyboard;
			sourceTree = "<group>";
		};
		D14E7C351EF7BACB00358206 /* LaunchScreen.storyboard */ = {
			isa = PBXVariantGroup;
			children = (
				D14E7C361EF7BACB00358206 /* Base */,
			);
			name = LaunchScreen.storyboard;
			sourceTree = "<group>";
		};
/* End PBXVariantGroup section */

/* Begin XCBuildConfiguration section */
		D14E7C4F1EF7BACB00358206 /* Debug */ = {
			isa = XCBuildConfiguration;
			buildSettings = {
				ALWAYS_SEARCH_USER_PATHS = NO;
				CLANG_ANALYZER_NONNULL = YES;
				CLANG_ANALYZER_NUMBER_OBJECT_CONVERSION = YES_AGGRESSIVE;
				CLANG_CXX_LANGUAGE_STANDARD = "gnu++0x";
				CLANG_CXX_LIBRARY = "libc++";
				CLANG_ENABLE_MODULES = YES;
				CLANG_ENABLE_OBJC_ARC = YES;
				CLANG_WARN_BOOL_CONVERSION = YES;
				CLANG_WARN_CONSTANT_CONVERSION = YES;
				CLANG_WARN_DIRECT_OBJC_ISA_USAGE = YES_ERROR;
				CLANG_WARN_DOCUMENTATION_COMMENTS = YES;
				CLANG_WARN_EMPTY_BODY = YES;
				CLANG_WARN_ENUM_CONVERSION = YES;
				CLANG_WARN_INFINITE_RECURSION = YES;
				CLANG_WARN_INT_CONVERSION = YES;
				CLANG_WARN_OBJC_ROOT_CLASS = YES_ERROR;
				CLANG_WARN_SUSPICIOUS_MOVE = YES;
				CLANG_WARN_UNREACHABLE_CODE = YES;
				CLANG_WARN__DUPLICATE_METHOD_MATCH = YES;
				"CODE_SIGN_IDENTITY[sdk=iphoneos*]" = "iPhone Developer";
				COPY_PHASE_STRIP = NO;
				DEBUG_INFORMATION_FORMAT = dwarf;
				ENABLE_STRICT_OBJC_MSGSEND = YES;
				ENABLE_TESTABILITY = YES;
				GCC_C_LANGUAGE_STANDARD = gnu99;
				GCC_DYNAMIC_NO_PIC = NO;
				GCC_NO_COMMON_BLOCKS = YES;
				GCC_OPTIMIZATION_LEVEL = 0;
				GCC_PREPROCESSOR_DEFINITIONS = (
					"DEBUG=1",
					"$(inherited)",
				);
				GCC_WARN_64_TO_32_BIT_CONVERSION = YES;
				GCC_WARN_ABOUT_RETURN_TYPE = YES_ERROR;
				GCC_WARN_UNDECLARED_SELECTOR = YES;
				GCC_WARN_UNINITIALIZED_AUTOS = YES_AGGRESSIVE;
				GCC_WARN_UNUSED_FUNCTION = YES;
				GCC_WARN_UNUSED_VARIABLE = YES;
				IPHONEOS_DEPLOYMENT_TARGET = 10.3;
				MTL_ENABLE_DEBUG_INFO = YES;
				ONLY_ACTIVE_ARCH = YES;
				SDKROOT = iphoneos;
			};
			name = Debug;
		};
		D14E7C501EF7BACB00358206 /* Release */ = {
			isa = XCBuildConfiguration;
			buildSettings = {
				ALWAYS_SEARCH_USER_PATHS = NO;
				CLANG_ANALYZER_NONNULL = YES;
				CLANG_ANALYZER_NUMBER_OBJECT_CONVERSION = YES_AGGRESSIVE;
				CLANG_CXX_LANGUAGE_STANDARD = "gnu++0x";
				CLANG_CXX_LIBRARY = "libc++";
				CLANG_ENABLE_MODULES = YES;
				CLANG_ENABLE_OBJC_ARC = YES;
				CLANG_WARN_BOOL_CONVERSION = YES;
				CLANG_WARN_CONSTANT_CONVERSION = YES;
				CLANG_WARN_DIRECT_OBJC_ISA_USAGE = YES_ERROR;
				CLANG_WARN_DOCUMENTATION_COMMENTS = YES;
				CLANG_WARN_EMPTY_BODY = YES;
				CLANG_WARN_ENUM_CONVERSION = YES;
				CLANG_WARN_INFINITE_RECURSION = YES;
				CLANG_WARN_INT_CONVERSION = YES;
				CLANG_WARN_OBJC_ROOT_CLASS = YES_ERROR;
				CLANG_WARN_SUSPICIOUS_MOVE = YES;
				CLANG_WARN_UNREACHABLE_CODE = YES;
				CLANG_WARN__DUPLICATE_METHOD_MATCH = YES;
				"CODE_SIGN_IDENTITY[sdk=iphoneos*]" = "iPhone Developer";
				COPY_PHASE_STRIP = NO;
				DEBUG_INFORMATION_FORMAT = "dwarf-with-dsym";
				ENABLE_NS_ASSERTIONS = NO;
				ENABLE_STRICT_OBJC_MSGSEND = YES;
				GCC_C_LANGUAGE_STANDARD = gnu99;
				GCC_NO_COMMON_BLOCKS = YES;
				GCC_WARN_64_TO_32_BIT_CONVERSION = YES;
				GCC_WARN_ABOUT_RETURN_TYPE = YES_ERROR;
				GCC_WARN_UNDECLARED_SELECTOR = YES;
				GCC_WARN_UNINITIALIZED_AUTOS = YES_AGGRESSIVE;
				GCC_WARN_UNUSED_FUNCTION = YES;
				GCC_WARN_UNUSED_VARIABLE = YES;
				IPHONEOS_DEPLOYMENT_TARGET = 10.3;
				MTL_ENABLE_DEBUG_INFO = NO;
				SDKROOT = iphoneos;
				VALIDATE_PRODUCT = YES;
			};
			name = Release;
		};
		D14E7C521EF7BACB00358206 /* Debug */ = {
			isa = XCBuildConfiguration;
			buildSettings = {
				ASSETCATALOG_COMPILER_APPICON_NAME = AppIcon;
				DEVELOPMENT_TEAM = 5UUHKU5P3B;
				INFOPLIST_FILE = FPRuntimeTabBar/Info.plist;
				LD_RUNPATH_SEARCH_PATHS = "$(inherited) @executable_path/Frameworks";
				PRODUCT_BUNDLE_IDENTIFIER = com.xuyafei.FPRuntimeTabBar;
				PRODUCT_NAME = "$(TARGET_NAME)";
			};
			name = Debug;
		};
		D14E7C531EF7BACB00358206 /* Release */ = {
			isa = XCBuildConfiguration;
			buildSettings = {
				ASSETCATALOG_COMPILER_APPICON_NAME = AppIcon;
				DEVELOPMENT_TEAM = 5UUHKU5P3B;
				INFOPLIST_FILE = FPRuntimeTabBar/Info.plist;
				LD_RUNPATH_SEARCH_PATHS = "$(inherited) @executable_path/Frameworks";
				PRODUCT_BUNDLE_IDENTIFIER = com.xuyafei.FPRuntimeTabBar;
				PRODUCT_NAME = "$(TARGET_NAME)";
			};
			name = Release;
		};
		D14E7C551EF7BACB00358206 /* Debug */ = {
			isa = XCBuildConfiguration;
			buildSettings = {
				BUNDLE_LOADER = "$(TEST_HOST)";
				DEVELOPMENT_TEAM = 5UUHKU5P3B;
				INFOPLIST_FILE = FPRuntimeTabBarTests/Info.plist;
				LD_RUNPATH_SEARCH_PATHS = "$(inherited) @executable_path/Frameworks @loader_path/Frameworks";
				PRODUCT_BUNDLE_IDENTIFIER = com.xuyafei.FPRuntimeTabBarTests;
				PRODUCT_NAME = "$(TARGET_NAME)";
				TEST_HOST = "$(BUILT_PRODUCTS_DIR)/FPRuntimeTabBar.app/FPRuntimeTabBar";
			};
			name = Debug;
		};
		D14E7C561EF7BACB00358206 /* Release */ = {
			isa = XCBuildConfiguration;
			buildSettings = {
				BUNDLE_LOADER = "$(TEST_HOST)";
				DEVELOPMENT_TEAM = 5UUHKU5P3B;
				INFOPLIST_FILE = FPRuntimeTabBarTests/Info.plist;
				LD_RUNPATH_SEARCH_PATHS = "$(inherited) @executable_path/Frameworks @loader_path/Frameworks";
				PRODUCT_BUNDLE_IDENTIFIER = com.xuyafei.FPRuntimeTabBarTests;
				PRODUCT_NAME = "$(TARGET_NAME)";
				TEST_HOST = "$(BUILT_PRODUCTS_DIR)/FPRuntimeTabBar.app/FPRuntimeTabBar";
			};
			name = Release;
		};
		D14E7C581EF7BACB00358206 /* Debug */ = {
			isa = XCBuildConfiguration;
			buildSettings = {
				DEVELOPMENT_TEAM = 5UUHKU5P3B;
				INFOPLIST_FILE = FPRuntimeTabBarUITests/Info.plist;
				LD_RUNPATH_SEARCH_PATHS = "$(inherited) @executable_path/Frameworks @loader_path/Frameworks";
				PRODUCT_BUNDLE_IDENTIFIER = com.xuyafei.FPRuntimeTabBarUITests;
				PRODUCT_NAME = "$(TARGET_NAME)";
				TEST_TARGET_NAME = FPRuntimeTabBar;
			};
			name = Debug;
		};
		D14E7C591EF7BACB00358206 /* Release */ = {
			isa = XCBuildConfiguration;
			buildSettings = {
				DEVELOPMENT_TEAM = 5UUHKU5P3B;
				INFOPLIST_FILE = FPRuntimeTabBarUITests/Info.plist;
				LD_RUNPATH_SEARCH_PATHS = "$(inherited) @executable_path/Frameworks @loader_path/Frameworks";
				PRODUCT_BUNDLE_IDENTIFIER = com.xuyafei.FPRuntimeTabBarUITests;
				PRODUCT_NAME = "$(TARGET_NAME)";
				TEST_TARGET_NAME = FPRuntimeTabBar;
			};
			name = Release;
		};
/* End XCBuildConfiguration section */

/* Begin XCConfigurationList section */
		D14E7C1F1EF7BACB00358206 /* Build configuration list for PBXProject "FPRuntimeTabBar" */ = {
			isa = XCConfigurationList;
			buildConfigurations = (
				D14E7C4F1EF7BACB00358206 /* Debug */,
				D14E7C501EF7BACB00358206 /* Release */,
			);
			defaultConfigurationIsVisible = 0;
			defaultConfigurationName = Release;
		};
		D14E7C511EF7BACB00358206 /* Build configuration list for PBXNativeTarget "FPRuntimeTabBar" */ = {
			isa = XCConfigurationList;
			buildConfigurations = (
				D14E7C521EF7BACB00358206 /* Debug */,
				D14E7C531EF7BACB00358206 /* Release */,
			);
			defaultConfigurationIsVisible = 0;
		};
		D14E7C541EF7BACB00358206 /* Build configuration list for PBXNativeTarget "FPRuntimeTabBarTests" */ = {
			isa = XCConfigurationList;
			buildConfigurations = (
				D14E7C551EF7BACB00358206 /* Debug */,
				D14E7C561EF7BACB00358206 /* Release */,
			);
			defaultConfigurationIsVisible = 0;
		};
		D14E7C571EF7BACB00358206 /* Build configuration list for PBXNativeTarget "FPRuntimeTabBarUITests" */ = {
			isa = XCConfigurationList;
			buildConfigurations = (
				D14E7C581EF7BACB00358206 /* Debug */,
				D14E7C591EF7BACB00358206 /* Release */,
			);
			defaultConfigurationIsVisible = 0;
		};
/* End XCConfigurationList section */
	};
	rootObject = D14E7C1C1EF7BACB00358206 /* Project object */;
}
